<?xml version="1.0" encoding="utf-8"?>
<Project ToolsVersion="4.0" xmlns="http://schemas.microsoft.com/developer/msbuild/2003">
  <ItemGroup>
    <Filter Include="Arquivos de Origem">
      <UniqueIdentifier>{4FC737F1-C7A5-4376-A066-2A32D752A2FF}</UniqueIdentifier>
      <Extensions>cpp;c;cc;cxx;def;odl;idl;hpj;bat;asm;asmx</Extensions>
    </Filter>
    <Filter Include="Arquivos de Cabeçalho">
      <UniqueIdentifier>{93995380-89BD-4b04-88EB-625FBE52EBFB}</UniqueIdentifier>
      <Extensions>h;hh;hpp;hxx;hm;inl;inc;xsd</Extensions>
    </Filter>
    <Filter Include="Arquivos de Recurso">
      <UniqueIdentifier>{67DA6AB6-F800-4c08-8B7A-83BB121AAD01}</UniqueIdentifier>
      <Extensions>rc;ico;cur;bmp;dlg;rc2;rct;bin;rgs;gif;jpg;jpeg;jpe;resx;tiff;tif;png;wav;mfcribbon-ms</Extensions>
    </Filter>
  </ItemGroup>
  <ItemGroup>
    <ClInclude Include="src\lib.h">
      <Filter>Arquivos de Cabeçalho</Filter>
    </ClInclude>
    <ClInclude Include="src\sc_position.h">
      <Filter>Arquivos de Cabeçalho</Filter>
    </ClInclude>
    <ClInclude Include="src\sc_swing.h">
      <Filter>Arquivos de Cabeçalho</Filter>
    </ClInclude>
    <ClInclude Include="src\lib_trade.h">
      <Filter>Arquivos de Cabeçalho</Filter>
    </ClInclude>
    <ClInclude Include="src\main.h">
      <Filter>Arquivos de Cabeçalho</Filter>
    </ClInclude>
    <ClInclude Include="src\sc_rroverlay.h">
      <Filter>Arquivos de Cabeçalho</Filter>
    </ClInclude>
    <ClInclude Include="src\sc_autoswing_fib.h">
      <Filter>Arquivos de Cabeçalho</Filter>
    </ClInclude>
  </ItemGroup>
  <ItemGroup>
    <Text Include="src\CMakeLists.txt" />
  </ItemGroup>
  <ItemGroup>
    <ClCompile Include="src\sc_chartbook.cpp">
      <Filter>Arquivos de Origem</Filter>
    </ClCompile>
    <ClCompile Include="src\sc_tool.cpp">
      <Filter>Arquivos de Origem</Filter>
    </ClCompile>
    <ClCompile Include="src\lib.cpp">
      <Filter>Arquivos de Origem</Filter>
    </ClCompile>
    <ClCompile Include="src\lib_trade.cpp">
      <Filter>Arquivos de Origem</Filter>
    </ClCompile>
    <ClCompile Include="src\sc_position.cpp">
      <Filter>Arquivos de Origem</Filter>
    </ClCompile>
    <ClCompile Include="src\sc_swing.cpp">
      <Filter>Arquivos de Origem</Filter>
    </ClCompile>
    <ClCompile Include="src\sc_customroundprice.cpp">
      <Filter>Arquivos de Origem</Filter>
    </ClCompile>
    <ClCompile Include="src\sc_deltabelowbar.cpp">
      <Filter>Arquivos de Origem</Filter>
    </ClCompile>
    <ClCompile Include="src\sc_zoom.cpp">
      <Filter>Arquivos de Origem</Filter>
    </ClCompile>
    <ClCompile Include="src\main.cpp">
      <Filter>Arquivos de Origem</Filter>
    </ClCompile>
    <ClCompile Include="src\sc_vwap.cpp">
      <Filter>Arquivos de Origem</Filter>
    </ClCompile>
    <ClCompile Include="src\sc_rroverlay.cpp">
      <Filter>Arquivos de Origem</Filter>
    </ClCompile>
    <ClCompile Include="src\sc_autoswing_fib.cpp">
      <Filter>Arquivos de Origem</Filter>
    </ClCompile>
    <ClCompile Include="src\sc_timeframe_range.cpp">
      <Filter>Arquivos de Origem</Filter>
    </ClCompile>
    <ClCompile Include="src\sc_timeframe_renko.cpp">
      <Filter>Arquivos de Origem</Filter>
    </ClCompile>
    <ClCompile Include="src\sc_timeframe_tick.cpp">
      <Filter>Arquivos de Origem</Filter>
    </ClCompile>
    <ClCompile Include="src\sc_tradewindow.cpp">
      <Filter>Arquivos de Origem</Filter>
    </ClCompile>
  </ItemGroup>
</Project>